
Microsoft Visual Studio Solution File, Format Version 12.00
# Visual Studio Version 17
VisualStudioVersion = 17.12.35527.113
MinimumVisualStudioVersion = 10.0.40219.1
Project("{FAE04EC0-301F-11D3-BF4B-00C04F79EFBC}") = "Organopedia3", "Organopedia3.csproj", "{7448AC5D-A3AE-4656-8C18-D65A40201DEF}"
EndProject
Project("{FAE04EC0-301F-11D3-BF4B-00C04F79EFBC}") = "UiTests.Android", "..\UiTests.Android\UiTests.Android.csproj", "{F7D1B833-A3E6-4293-916A-C94E659A6895}"
EndProject
Global
	GlobalSection(SolutionConfigurationPlatforms) = preSolution
		Debug|Any CPU = Debug|Any CPU
		Release|Any CPU = Release|Any CPU
	EndGlobalSection
	GlobalSection(ProjectConfigurationPlatforms) = postSolution
		{7448AC5D-A3AE-4656-8C18-D65A40201DEF}.Debug|Any CPU.ActiveCfg = Debug|Any CPU
		{7448AC5D-A3AE-4656-8C18-D65A40201DEF}.Debug|Any CPU.Build.0 = Debug|Any CPU
		{7448AC5D-A3AE-4656-8C18-D65A40201DEF}.Debug|Any CPU.Deploy.0 = Debug|Any CPU
		{7448AC5D-A3AE-4656-8C18-D65A40201DEF}.Release|Any CPU.ActiveCfg = Release|Any CPU
		{7448AC5D-A3AE-4656-8C18-D65A40201DEF}.Release|Any CPU.Build.0 = Release|Any CPU
		{F7D1B833-A3E6-4293-916A-C94E659A6895}.Debug|Any CPU.ActiveCfg = Debug|Any CPU
		{F7D1B833-A3E6-4293-916A-C94E659A6895}.Debug|Any CPU.Build.0 = Debug|Any CPU
		{F7D1B833-A3E6-4293-916A-C94E659A6895}.Release|Any CPU.ActiveCfg = Release|Any CPU
		{F7D1B833-A3E6-4293-916A-C94E659A6895}.Release|Any CPU.Build.0 = Release|Any CPU
	EndGlobalSection
	GlobalSection(SolutionProperties) = preSolution
		HideSolutionNode = FALSE
	EndGlobalSection
EndGlobal
